
Microsoft Visual Studio Solution File, Format Version 12.00
# Visual Studio Version 17
VisualStudioVersion = 17.3.32901.215
MinimumVisualStudioVersion = 10.0.40219.1
Project("{FAE04EC0-301F-11D3-BF4B-00C04F79EFBC}") = "EncodeParams", "EncodeParams\EncodeParams.csproj", "{EB42B0BB-C1EF-492F-9639-A6D625FF2899}"
EndProject
Global
	GlobalSection(SolutionConfigurationPlatforms) = preSolution
		Debug|Any CPU = Debug|Any CPU
		Release|Any CPU = Release|Any CPU
	EndGlobalSection
	GlobalSection(ProjectConfigurationPlatforms) = postSolution
		{EB42B0BB-C1EF-492F-9639-A6D625FF2899}.Debug|Any CPU.ActiveCfg = Debug|Any CPU
		{EB42B0BB-C1EF-492F-9639-A6D625FF2899}.Debug|Any CPU.Build.0 = Debug|Any CPU
		{EB42B0BB-C1EF-492F-9639-A6D625FF2899}.Release|Any CPU.ActiveCfg = Release|Any CPU
		{EB42B0BB-C1EF-492F-9639-A6D625FF2899}.Release|Any CPU.Build.0 = Release|Any CPU
	EndGlobalSection
	GlobalSection(SolutionProperties) = preSolution
		HideSolutionNode = FALSE
	EndGlobalSection
	GlobalSection(ExtensibilityGlobals) = postSolution
		SolutionGuid = {290AF23A-0E0F-4F9B-81A0-CAB1B5EFC1CC}
	EndGlobalSection
EndGlobal
